// !$*UTF8*$!
{
	archiveVersion = 1;
	classes = {
	};
	objectVersion = 56;
	objects = {

/* Begin PBXBuildFile section */
		5B6AB2012CA5BBEC00FA49E0 /* PageViewController.swift in Sources */ = {isa = PBXBuildFile; fileRef = 5B6AB2002CA5BBEC00FA49E0 /* PageViewController.swift */; };
		5B6AB2032CA5C26500FA49E0 /* FeatureCard.swift in Sources */ = {isa = PBXBuildFile; fileRef = 5B6AB2022CA5C26500FA49E0 /* FeatureCard.swift */; };
		5B6AB2052CA5C3A800FA49E0 /* PageView.swift in Sources */ = {isa = PBXBuildFile; fileRef = 5B6AB2042CA5C3A800FA49E0 /* PageView.swift */; };
		5B6AB2072CA5CF1B00FA49E0 /* PageControl.swift in Sources */ = {isa = PBXBuildFile; fileRef = 5B6AB2062CA5CF1A00FA49E0 /* PageControl.swift */; };
		5B6AB2412CA5ED7D00FA49E0 /* ContentView.swift in Sources */ = {isa = PBXBuildFile; fileRef = 5B6AB2402CA5ED7D00FA49E0 /* ContentView.swift */; };
		5B6AB2432CA5ED8300FA49E0 /* Assets.xcassets in Resources */ = {isa = PBXBuildFile; fileRef = 5B6AB2422CA5ED8300FA49E0 /* Assets.xcassets */; };
		5B6AB2462CA5ED8300FA49E0 /* Preview Assets.xcassets in Resources */ = {isa = PBXBuildFile; fileRef = 5B6AB2452CA5ED8300FA49E0 /* Preview Assets.xcassets */; };
		5B6AB2492CA5ED8300FA49E0 /* WatchLandmarks Watch App.app in Embed Watch Content */ = {isa = PBXBuildFile; fileRef = 5B6AB23C2CA5ED7D00FA49E0 /* WatchLandmarks Watch App.app */; settings = {ATTRIBUTES = (RemoveHeadersOnCopy, ); }; };
		5B6AB24E2CA5EFC600FA49E0 /* LandMark.swift in Sources */ = {isa = PBXBuildFile; fileRef = 5BA050B22C8D533E00034E43 /* LandMark.swift */; };
		5B6AB24F2CA5EFC600FA49E0 /* LandmarkRow.swift in Sources */ = {isa = PBXBuildFile; fileRef = 5BA050B82C8D557A00034E43 /* LandmarkRow.swift */; };
		5B6AB2502CA5EFC600FA49E0 /* LandmarkList.swift in Sources */ = {isa = PBXBuildFile; fileRef = 5BA050BA2C91128900034E43 /* LandmarkList.swift */; };
		5B6AB2512CA5EFC600FA49E0 /* Profile.swift in Sources */ = {isa = PBXBuildFile; fileRef = 5B72F7122C95BDC600DE5D49 /* Profile.swift */; };
		5B6AB2522CA5EFC600FA49E0 /* ModelData.swift in Sources */ = {isa = PBXBuildFile; fileRef = 5BA050B42C8D539300034E43 /* ModelData.swift */; };
		5B6AB2532CA5EFC600FA49E0 /* Hike.swift in Sources */ = {isa = PBXBuildFile; fileRef = 5B72F7092C93B4E400DE5D49 /* Hike.swift */; };
		5B6AB2542CA5EFC600FA49E0 /* CircleImage.swift in Sources */ = {isa = PBXBuildFile; fileRef = 5BA050AB2C8D503800034E43 /* CircleImage.swift */; };
		5B6AB2552CA5EFC600FA49E0 /* LandMarksApp.swift in Sources */ = {isa = PBXBuildFile; fileRef = 5BA0509B2C8D4F5500034E43 /* LandMarksApp.swift */; };
		5B6AB2562CA5EFC600FA49E0 /* MapView.swift in Sources */ = {isa = PBXBuildFile; fileRef = 5BA050A92C8D500700034E43 /* MapView.swift */; };
		5B6AB2572CA5EFC600FA49E0 /* hikeData.json in Resources */ = {isa = PBXBuildFile; fileRef = 5BEE29B12C93A826004673C4 /* hikeData.json */; };
		5B6AB2582CA5EFC600FA49E0 /* landmarkData.json in Resources */ = {isa = PBXBuildFile; fileRef = 5BA050B62C8D54A800034E43 /* landmarkData.json */; };
		5B6AB2592CA5EFC600FA49E0 /* Assets.xcassets in Resources */ = {isa = PBXBuildFile; fileRef = 5BA0509F2C8D4F5700034E43 /* Assets.xcassets */; };
		5B6AB25B2CA5F20200FA49E0 /* LandmarkDetail.swift in Sources */ = {isa = PBXBuildFile; fileRef = 5B6AB25A2CA5F20200FA49E0 /* LandmarkDetail.swift */; };
		5B6AB2642CAAE62800FA49E0 /* NotificationController.swift in Sources */ = {isa = PBXBuildFile; fileRef = 5B6AB2632CAAE62800FA49E0 /* NotificationController.swift */; };
		5B6AB2662CAAE68A00FA49E0 /* NotificationView.swift in Sources */ = {isa = PBXBuildFile; fileRef = 5B6AB2652CAAE68A00FA49E0 /* NotificationView.swift */; };
		5B72F7052C93B41800DE5D49 /* GraphCapsule.swift in Sources */ = {isa = PBXBuildFile; fileRef = 5B72F7002C93B41800DE5D49 /* GraphCapsule.swift */; };
		5B72F7062C93B41900DE5D49 /* HikeDetail.swift in Sources */ = {isa = PBXBuildFile; fileRef = 5B72F7012C93B41800DE5D49 /* HikeDetail.swift */; };
		5B72F7072C93B41900DE5D49 /* HikeGraph.swift in Sources */ = {isa = PBXBuildFile; fileRef = 5B72F7022C93B41800DE5D49 /* HikeGraph.swift */; };
		5B72F7082C93B41900DE5D49 /* HikeView.swift in Sources */ = {isa = PBXBuildFile; fileRef = 5B72F7032C93B41800DE5D49 /* HikeView.swift */; };
		5B72F70A2C93B4E400DE5D49 /* Hike.swift in Sources */ = {isa = PBXBuildFile; fileRef = 5B72F7092C93B4E400DE5D49 /* Hike.swift */; };
		5B72F70D2C95020900DE5D49 /* CategoryHome.swift in Sources */ = {isa = PBXBuildFile; fileRef = 5B72F70C2C95020900DE5D49 /* CategoryHome.swift */; };
		5B72F70F2C95050000DE5D49 /* CategoryRow.swift in Sources */ = {isa = PBXBuildFile; fileRef = 5B72F70E2C95050000DE5D49 /* CategoryRow.swift */; };
		5B72F7112C95069800DE5D49 /* CategoryItem.swift in Sources */ = {isa = PBXBuildFile; fileRef = 5B72F7102C95069800DE5D49 /* CategoryItem.swift */; };
		5B72F7132C95BDC600DE5D49 /* Profile.swift in Sources */ = {isa = PBXBuildFile; fileRef = 5B72F7122C95BDC600DE5D49 /* Profile.swift */; };
		5B72F7162C95C15500DE5D49 /* ProfileHost.swift in Sources */ = {isa = PBXBuildFile; fileRef = 5B72F7152C95C15500DE5D49 /* ProfileHost.swift */; };
		5B72F7182C96585E00DE5D49 /* ProfileSummary.swift in Sources */ = {isa = PBXBuildFile; fileRef = 5B72F7172C96585E00DE5D49 /* ProfileSummary.swift */; };
		5B72F71A2C96592800DE5D49 /* HikeBadge.swift in Sources */ = {isa = PBXBuildFile; fileRef = 5B72F7192C96592800DE5D49 /* HikeBadge.swift */; };
		5B72F71C2C965D9700DE5D49 /* ProfileEditor.swift in Sources */ = {isa = PBXBuildFile; fileRef = 5B72F71B2C965D9700DE5D49 /* ProfileEditor.swift */; };
		5BA0509C2C8D4F5500034E43 /* LandMarksApp.swift in Sources */ = {isa = PBXBuildFile; fileRef = 5BA0509B2C8D4F5500034E43 /* LandMarksApp.swift */; };
		5BA0509E2C8D4F5500034E43 /* ContentView.swift in Sources */ = {isa = PBXBuildFile; fileRef = 5BA0509D2C8D4F5500034E43 /* ContentView.swift */; };
		5BA050A02C8D4F5700034E43 /* Assets.xcassets in Resources */ = {isa = PBXBuildFile; fileRef = 5BA0509F2C8D4F5700034E43 /* Assets.xcassets */; };
		5BA050A32C8D4F5800034E43 /* Preview Assets.xcassets in Resources */ = {isa = PBXBuildFile; fileRef = 5BA050A22C8D4F5800034E43 /* Preview Assets.xcassets */; };
		5BA050AA2C8D500700034E43 /* MapView.swift in Sources */ = {isa = PBXBuildFile; fileRef = 5BA050A92C8D500700034E43 /* MapView.swift */; };
		5BA050AC2C8D503800034E43 /* CircleImage.swift in Sources */ = {isa = PBXBuildFile; fileRef = 5BA050AB2C8D503800034E43 /* CircleImage.swift */; };
		5BA050B32C8D533E00034E43 /* LandMark.swift in Sources */ = {isa = PBXBuildFile; fileRef = 5BA050B22C8D533E00034E43 /* LandMark.swift */; };
		5BA050B52C8D539300034E43 /* ModelData.swift in Sources */ = {isa = PBXBuildFile; fileRef = 5BA050B42C8D539300034E43 /* ModelData.swift */; };
		5BA050B72C8D54A800034E43 /* landmarkData.json in Resources */ = {isa = PBXBuildFile; fileRef = 5BA050B62C8D54A800034E43 /* landmarkData.json */; };
		5BA050B92C8D557A00034E43 /* LandmarkRow.swift in Sources */ = {isa = PBXBuildFile; fileRef = 5BA050B82C8D557A00034E43 /* LandmarkRow.swift */; };
		5BA050BB2C91128900034E43 /* LandmarkList.swift in Sources */ = {isa = PBXBuildFile; fileRef = 5BA050BA2C91128900034E43 /* LandmarkList.swift */; };
		5BA050BD2C91153600034E43 /* LandmarkDetail.swift in Sources */ = {isa = PBXBuildFile; fileRef = 5BA050BC2C91153600034E43 /* LandmarkDetail.swift */; };
		5BEE299B2C9254D9004673C4 /* FavoriteButton.swift in Sources */ = {isa = PBXBuildFile; fileRef = 5BEE299A2C9254D9004673C4 /* FavoriteButton.swift */; };
		5BEE29A62C92624A004673C4 /* HexagonParameters.swift in Sources */ = {isa = PBXBuildFile; fileRef = 5BEE29A52C92624A004673C4 /* HexagonParameters.swift */; };
		5BEE29A82C926444004673C4 /* BadgeBackground.swift in Sources */ = {isa = PBXBuildFile; fileRef = 5BEE29A72C926444004673C4 /* BadgeBackground.swift */; };
		5BEE29AA2C93A010004673C4 /* BadgeSymbol.swift in Sources */ = {isa = PBXBuildFile; fileRef = 5BEE29A92C93A010004673C4 /* BadgeSymbol.swift */; };
		5BEE29AC2C93A150004673C4 /* RotatedBadgeSymbol .swift in Sources */ = {isa = PBXBuildFile; fileRef = 5BEE29AB2C93A150004673C4 /* RotatedBadgeSymbol .swift */; };
		5BEE29AE2C93A2D0004673C4 /* Badge.swift in Sources */ = {isa = PBXBuildFile; fileRef = 5BEE29AD2C93A2D0004673C4 /* Badge.swift */; };
		5BEE29B22C93A826004673C4 /* hikeData.json in Resources */ = {isa = PBXBuildFile; fileRef = 5BEE29B12C93A826004673C4 /* hikeData.json */; };
/* End PBXBuildFile section */

/* Begin PBXContainerItemProxy section */
		5B6AB2472CA5ED8300FA49E0 /* PBXContainerItemProxy */ = {
			isa = PBXContainerItemProxy;
			containerPortal = 5BA050902C8D4F5500034E43 /* Project object */;
			proxyType = 1;
			remoteGlobalIDString = 5B6AB23B2CA5ED7D00FA49E0;
			remoteInfo = "WatchLandmarks Watch App";
		};
/* End PBXContainerItemProxy section */

/* Begin PBXCopyFilesBuildPhase section */
		5B6AB24A2CA5ED8300FA49E0 /* Embed Watch Content */ = {
			isa = PBXCopyFilesBuildPhase;
			buildActionMask = 2147483647;
			dstPath = "$(CONTENTS_FOLDER_PATH)/Watch";
			dstSubfolderSpec = 16;
			files = (
				5B6AB2492CA5ED8300FA49E0 /* WatchLandmarks Watch App.app in Embed Watch Content */,
			);
			name = "Embed Watch Content";
			runOnlyForDeploymentPostprocessing = 0;
		};
/* End PBXCopyFilesBuildPhase section */

/* Begin PBXFileReference section */
		5B6AB2002CA5BBEC00FA49E0 /* PageViewController.swift */ = {isa = PBXFileReference; lastKnownFileType = sourcecode.swift; path = PageViewController.swift; sourceTree = "<group>"; };
		5B6AB2022CA5C26500FA49E0 /* FeatureCard.swift */ = {isa = PBXFileReference; lastKnownFileType = sourcecode.swift; path = FeatureCard.swift; sourceTree = "<group>"; };
		5B6AB2042CA5C3A800FA49E0 /* PageView.swift */ = {isa = PBXFileReference; lastKnownFileType = sourcecode.swift; path = PageView.swift; sourceTree = "<group>"; };
		5B6AB2062CA5CF1A00FA49E0 /* PageControl.swift */ = {isa = PBXFileReference; lastKnownFileType = sourcecode.swift; path = PageControl.swift; sourceTree = "<group>"; };
		5B6AB23C2CA5ED7D00FA49E0 /* WatchLandmarks Watch App.app */ = {isa = PBXFileReference; explicitFileType = wrapper.application; includeInIndex = 0; path = "WatchLandmarks Watch App.app"; sourceTree = BUILT_PRODUCTS_DIR; };
		5B6AB2402CA5ED7D00FA49E0 /* ContentView.swift */ = {isa = PBXFileReference; lastKnownFileType = sourcecode.swift; path = ContentView.swift; sourceTree = "<group>"; };
		5B6AB2422CA5ED8300FA49E0 /* Assets.xcassets */ = {isa = PBXFileReference; lastKnownFileType = folder.assetcatalog; path = Assets.xcassets; sourceTree = "<group>"; };
		5B6AB2452CA5ED8300FA49E0 /* Preview Assets.xcassets */ = {isa = PBXFileReference; lastKnownFileType = folder.assetcatalog; path = "Preview Assets.xcassets"; sourceTree = "<group>"; };
		5B6AB25A2CA5F20200FA49E0 /* LandmarkDetail.swift */ = {isa = PBXFileReference; lastKnownFileType = sourcecode.swift; path = LandmarkDetail.swift; sourceTree = "<group>"; };
		5B6AB2622CAAE5AF00FA49E0 /* PushNotificationPayload.apns */ = {isa = PBXFileReference; lastKnownFileType = text; path = PushNotificationPayload.apns; sourceTree = "<group>"; };
		5B6AB2632CAAE62800FA49E0 /* NotificationController.swift */ = {isa = PBXFileReference; lastKnownFileType = sourcecode.swift; path = NotificationController.swift; sourceTree = "<group>"; };
		5B6AB2652CAAE68A00FA49E0 /* NotificationView.swift */ = {isa = PBXFileReference; lastKnownFileType = sourcecode.swift; path = NotificationView.swift; sourceTree = "<group>"; };
		5B72F7002C93B41800DE5D49 /* GraphCapsule.swift */ = {isa = PBXFileReference; fileEncoding = 4; lastKnownFileType = sourcecode.swift; path = GraphCapsule.swift; sourceTree = "<group>"; };
		5B72F7012C93B41800DE5D49 /* HikeDetail.swift */ = {isa = PBXFileReference; fileEncoding = 4; lastKnownFileType = sourcecode.swift; path = HikeDetail.swift; sourceTree = "<group>"; };
		5B72F7022C93B41800DE5D49 /* HikeGraph.swift */ = {isa = PBXFileReference; fileEncoding = 4; lastKnownFileType = sourcecode.swift; path = HikeGraph.swift; sourceTree = "<group>"; };
		5B72F7032C93B41800DE5D49 /* HikeView.swift */ = {isa = PBXFileReference; fileEncoding = 4; lastKnownFileType = sourcecode.swift; path = HikeView.swift; sourceTree = "<group>"; };
		5B72F7092C93B4E400DE5D49 /* Hike.swift */ = {isa = PBXFileReference; lastKnownFileType = sourcecode.swift; path = Hike.swift; sourceTree = "<group>"; };
		5B72F70C2C95020900DE5D49 /* CategoryHome.swift */ = {isa = PBXFileReference; lastKnownFileType = sourcecode.swift; path = CategoryHome.swift; sourceTree = "<group>"; };
		5B72F70E2C95050000DE5D49 /* CategoryRow.swift */ = {isa = PBXFileReference; lastKnownFileType = sourcecode.swift; path = CategoryRow.swift; sourceTree = "<group>"; };
		5B72F7102C95069800DE5D49 /* CategoryItem.swift */ = {isa = PBXFileReference; lastKnownFileType = sourcecode.swift; path = CategoryItem.swift; sourceTree = "<group>"; };
		5B72F7122C95BDC600DE5D49 /* Profile.swift */ = {isa = PBXFileReference; lastKnownFileType = sourcecode.swift; path = Profile.swift; sourceTree = "<group>"; };
		5B72F7152C95C15500DE5D49 /* ProfileHost.swift */ = {isa = PBXFileReference; lastKnownFileType = sourcecode.swift; path = ProfileHost.swift; sourceTree = "<group>"; };
		5B72F7172C96585E00DE5D49 /* ProfileSummary.swift */ = {isa = PBXFileReference; lastKnownFileType = sourcecode.swift; path = ProfileSummary.swift; sourceTree = "<group>"; };
		5B72F7192C96592800DE5D49 /* HikeBadge.swift */ = {isa = PBXFileReference; lastKnownFileType = sourcecode.swift; path = HikeBadge.swift; sourceTree = "<group>"; };
		5B72F71B2C965D9700DE5D49 /* ProfileEditor.swift */ = {isa = PBXFileReference; lastKnownFileType = sourcecode.swift; path = ProfileEditor.swift; sourceTree = "<group>"; };
		5BA050982C8D4F5500034E43 /* LandMarks.app */ = {isa = PBXFileReference; explicitFileType = wrapper.application; includeInIndex = 0; path = LandMarks.app; sourceTree = BUILT_PRODUCTS_DIR; };
		5BA0509B2C8D4F5500034E43 /* LandMarksApp.swift */ = {isa = PBXFileReference; lastKnownFileType = sourcecode.swift; path = LandMarksApp.swift; sourceTree = "<group>"; };
		5BA0509D2C8D4F5500034E43 /* ContentView.swift */ = {isa = PBXFileReference; lastKnownFileType = sourcecode.swift; path = ContentView.swift; sourceTree = "<group>"; };
		5BA0509F2C8D4F5700034E43 /* Assets.xcassets */ = {isa = PBXFileReference; lastKnownFileType = folder.assetcatalog; path = Assets.xcassets; sourceTree = "<group>"; };
		5BA050A22C8D4F5800034E43 /* Preview Assets.xcassets */ = {isa = PBXFileReference; lastKnownFileType = folder.assetcatalog; path = "Preview Assets.xcassets"; sourceTree = "<group>"; };
		5BA050A92C8D500700034E43 /* MapView.swift */ = {isa = PBXFileReference; lastKnownFileType = sourcecode.swift; path = MapView.swift; sourceTree = "<group>"; };
		5BA050AB2C8D503800034E43 /* CircleImage.swift */ = {isa = PBXFileReference; lastKnownFileType = sourcecode.swift; path = CircleImage.swift; sourceTree = "<group>"; };
		5BA050B22C8D533E00034E43 /* LandMark.swift */ = {isa = PBXFileReference; lastKnownFileType = sourcecode.swift; path = LandMark.swift; sourceTree = "<group>"; };
		5BA050B42C8D539300034E43 /* ModelData.swift */ = {isa = PBXFileReference; lastKnownFileType = sourcecode.swift; path = ModelData.swift; sourceTree = "<group>"; };
		5BA050B62C8D54A800034E43 /* landmarkData.json */ = {isa = PBXFileReference; fileEncoding = 4; lastKnownFileType = text.json; path = landmarkData.json; sourceTree = "<group>"; };
		5BA050B82C8D557A00034E43 /* LandmarkRow.swift */ = {isa = PBXFileReference; lastKnownFileType = sourcecode.swift; path = LandmarkRow.swift; sourceTree = "<group>"; };
		5BA050BA2C91128900034E43 /* LandmarkList.swift */ = {isa = PBXFileReference; lastKnownFileType = sourcecode.swift; path = LandmarkList.swift; sourceTree = "<group>"; };
		5BA050BC2C91153600034E43 /* LandmarkDetail.swift */ = {isa = PBXFileReference; lastKnownFileType = sourcecode.swift; path = LandmarkDetail.swift; sourceTree = "<group>"; };
		5BEE299A2C9254D9004673C4 /* FavoriteButton.swift */ = {isa = PBXFileReference; lastKnownFileType = sourcecode.swift; path = FavoriteButton.swift; sourceTree = "<group>"; };
		5BEE29A52C92624A004673C4 /* HexagonParameters.swift */ = {isa = PBXFileReference; lastKnownFileType = sourcecode.swift; path = HexagonParameters.swift; sourceTree = "<group>"; };
		5BEE29A72C926444004673C4 /* BadgeBackground.swift */ = {isa = PBXFileReference; lastKnownFileType = sourcecode.swift; path = BadgeBackground.swift; sourceTree = "<group>"; };
		5BEE29A92C93A010004673C4 /* BadgeSymbol.swift */ = {isa = PBXFileReference; lastKnownFileType = sourcecode.swift; path = BadgeSymbol.swift; sourceTree = "<group>"; };
		5BEE29AB2C93A150004673C4 /* RotatedBadgeSymbol .swift */ = {isa = PBXFileReference; lastKnownFileType = sourcecode.swift; path = "RotatedBadgeSymbol .swift"; sourceTree = "<group>"; };
		5BEE29AD2C93A2D0004673C4 /* Badge.swift */ = {isa = PBXFileReference; lastKnownFileType = sourcecode.swift; path = Badge.swift; sourceTree = "<group>"; };
		5BEE29B12C93A826004673C4 /* hikeData.json */ = {isa = PBXFileReference; fileEncoding = 4; lastKnownFileType = text.json; path = hikeData.json; sourceTree = "<group>"; };
/* End PBXFileReference section */

/* Begin PBXFrameworksBuildPhase section */
		5B6AB2392CA5ED7D00FA49E0 /* Frameworks */ = {
			isa = PBXFrameworksBuildPhase;
			buildActionMask = 2147483647;
			files = (
			);
			runOnlyForDeploymentPostprocessing = 0;
		};
		5BA050952C8D4F5500034E43 /* Frameworks */ = {
			isa = PBXFrameworksBuildPhase;
			buildActionMask = 2147483647;
			files = (
			);
			runOnlyForDeploymentPostprocessing = 0;
		};
/* End PBXFrameworksBuildPhase section */

/* Begin PBXGroup section */
		5B6AB1FF2CA5BB9700FA49E0 /* PageView */ = {
			isa = PBXGroup;
			children = (
				5B6AB2002CA5BBEC00FA49E0 /* PageViewController.swift */,
				5B6AB2022CA5C26500FA49E0 /* FeatureCard.swift */,
				5B6AB2042CA5C3A800FA49E0 /* PageView.swift */,
				5B6AB2062CA5CF1A00FA49E0 /* PageControl.swift */,
			);
			path = PageView;
			sourceTree = "<group>";
		};
		5B6AB23D2CA5ED7D00FA49E0 /* WatchLandmarks Watch App */ = {
			isa = PBXGroup;
			children = (
				5B6AB2402CA5ED7D00FA49E0 /* ContentView.swift */,
				5B6AB2422CA5ED8300FA49E0 /* Assets.xcassets */,
				5B6AB2442CA5ED8300FA49E0 /* Preview Content */,
				5B6AB25A2CA5F20200FA49E0 /* LandmarkDetail.swift */,
				5B6AB2622CAAE5AF00FA49E0 /* PushNotificationPayload.apns */,
				5B6AB2632CAAE62800FA49E0 /* NotificationController.swift */,
				5B6AB2652CAAE68A00FA49E0 /* NotificationView.swift */,
			);
			path = "WatchLandmarks Watch App";
			sourceTree = "<group>";
		};
		5B6AB2442CA5ED8300FA49E0 /* Preview Content */ = {
			isa = PBXGroup;
			children = (
				5B6AB2452CA5ED8300FA49E0 /* Preview Assets.xcassets */,
			);
			path = "Preview Content";
			sourceTree = "<group>";
		};
		5B72F7042C93B41800DE5D49 /* Hikes */ = {
			isa = PBXGroup;
			children = (
				5B72F7002C93B41800DE5D49 /* GraphCapsule.swift */,
				5B72F7012C93B41800DE5D49 /* HikeDetail.swift */,
				5B72F7022C93B41800DE5D49 /* HikeGraph.swift */,
				5B72F7032C93B41800DE5D49 /* HikeView.swift */,
				5B72F7192C96592800DE5D49 /* HikeBadge.swift */,
			);
			path = Hikes;
			sourceTree = "<group>";
		};
		5B72F70B2C9501C400DE5D49 /* Categories */ = {
			isa = PBXGroup;
			children = (
				5B72F70C2C95020900DE5D49 /* CategoryHome.swift */,
				5B72F70E2C95050000DE5D49 /* CategoryRow.swift */,
				5B72F7102C95069800DE5D49 /* CategoryItem.swift */,
			);
			path = Categories;
			sourceTree = "<group>";
		};
		5B72F7142C95C0CA00DE5D49 /* Profiles */ = {
			isa = PBXGroup;
			children = (
				5B72F7152C95C15500DE5D49 /* ProfileHost.swift */,
				5B72F7172C96585E00DE5D49 /* ProfileSummary.swift */,
				5B72F71B2C965D9700DE5D49 /* ProfileEditor.swift */,
			);
			path = Profiles;
			sourceTree = "<group>";
		};
		5BA0508F2C8D4F5500034E43 = {
			isa = PBXGroup;
			children = (
				5BA0509A2C8D4F5500034E43 /* LandMarks */,
				5B6AB23D2CA5ED7D00FA49E0 /* WatchLandmarks Watch App */,
				5BA050992C8D4F5500034E43 /* Products */,
			);
			sourceTree = "<group>";
		};
		5BA050992C8D4F5500034E43 /* Products */ = {
			isa = PBXGroup;
			children = (
				5BA050982C8D4F5500034E43 /* LandMarks.app */,
				5B6AB23C2CA5ED7D00FA49E0 /* WatchLandmarks Watch App.app */,
			);
			name = Products;
			sourceTree = "<group>";
		};
		5BA0509A2C8D4F5500034E43 /* LandMarks */ = {
			isa = PBXGroup;
			children = (
				5BA0509B2C8D4F5500034E43 /* LandMarksApp.swift */,
				5BA050AE2C8D51A000034E43 /* Model */,
				5BA050AD2C8D517C00034E43 /* Views */,
				5BA050AF2C8D51C800034E43 /* Resources */,
				5BA0509F2C8D4F5700034E43 /* Assets.xcassets */,
				5BA050A12C8D4F5800034E43 /* Preview Content */,
			);
			path = LandMarks;
			sourceTree = "<group>";
		};
		5BA050A12C8D4F5800034E43 /* Preview Content */ = {
			isa = PBXGroup;
			children = (
				5BA050A22C8D4F5800034E43 /* Preview Assets.xcassets */,
			);
			path = "Preview Content";
			sourceTree = "<group>";
		};
		5BA050AD2C8D517C00034E43 /* Views */ = {
			isa = PBXGroup;
			children = (
				5BA0509D2C8D4F5500034E43 /* ContentView.swift */,
				5B6AB1FF2CA5BB9700FA49E0 /* PageView */,
				5B72F7142C95C0CA00DE5D49 /* Profiles */,
				5B72F70B2C9501C400DE5D49 /* Categories */,
				5B72F7042C93B41800DE5D49 /* Hikes */,
				5BEE29B02C93A646004673C4 /* Badges */,
				5BEE29A02C925727004673C4 /* Helper */,
				5BEE299E2C925694004673C4 /* Landmarks */,
			);
			path = Views;
			sourceTree = "<group>";
		};
		5BA050AE2C8D51A000034E43 /* Model */ = {
			isa = PBXGroup;
			children = (
				5BA050B22C8D533E00034E43 /* LandMark.swift */,
				5BA050B42C8D539300034E43 /* ModelData.swift */,
				5B72F7092C93B4E400DE5D49 /* Hike.swift */,
				5B72F7122C95BDC600DE5D49 /* Profile.swift */,
			);
			path = Model;
			sourceTree = "<group>";
		};
		5BA050AF2C8D51C800034E43 /* Resources */ = {
			isa = PBXGroup;
			children = (
				5BEE29B12C93A826004673C4 /* hikeData.json */,
				5BA050B62C8D54A800034E43 /* landmarkData.json */,
			);
			path = Resources;
			sourceTree = "<group>";
		};
		5BEE299E2C925694004673C4 /* Landmarks */ = {
			isa = PBXGroup;
			children = (
				5BA050BA2C91128900034E43 /* LandmarkList.swift */,
				5BA050B82C8D557A00034E43 /* LandmarkRow.swift */,
				5BA050BC2C91153600034E43 /* LandmarkDetail.swift */,
			);
			path = Landmarks;
			sourceTree = "<group>";
		};
		5BEE29A02C925727004673C4 /* Helper */ = {
			isa = PBXGroup;
			children = (
				5BEE299A2C9254D9004673C4 /* FavoriteButton.swift */,
				5BA050AB2C8D503800034E43 /* CircleImage.swift */,
				5BA050A92C8D500700034E43 /* MapView.swift */,
			);
			path = Helper;
			sourceTree = "<group>";
		};
		5BEE29B02C93A646004673C4 /* Badges */ = {
			isa = PBXGroup;
			children = (
				5BEE29AD2C93A2D0004673C4 /* Badge.swift */,
				5BEE29A92C93A010004673C4 /* BadgeSymbol.swift */,
				5BEE29A72C926444004673C4 /* BadgeBackground.swift */,
				5BEE29A52C92624A004673C4 /* HexagonParameters.swift */,
				5BEE29AB2C93A150004673C4 /* RotatedBadgeSymbol .swift */,
			);
			path = Badges;
			sourceTree = "<group>";
		};
/* End PBXGroup section */

/* Begin PBXNativeTarget section */
		5B6AB23B2CA5ED7D00FA49E0 /* WatchLandmarks Watch App */ = {
			isa = PBXNativeTarget;
			buildConfigurationList = 5B6AB24D2CA5ED8300FA49E0 /* Build configuration list for PBXNativeTarget "WatchLandmarks Watch App" */;
			buildPhases = (
				5B6AB2382CA5ED7D00FA49E0 /* Sources */,
				5B6AB2392CA5ED7D00FA49E0 /* Frameworks */,
				5B6AB23A2CA5ED7D00FA49E0 /* Resources */,
			);
			buildRules = (
			);
			dependencies = (
			);
			name = "WatchLandmarks Watch App";
			productName = "WatchLandmarks Watch App";
			productReference = 5B6AB23C2CA5ED7D00FA49E0 /* WatchLandmarks Watch App.app */;
			productType = "com.apple.product-type.application";
		};
		5BA050972C8D4F5500034E43 /* LandMarks */ = {
			isa = PBXNativeTarget;
			buildConfigurationList = 5BA050A62C8D4F5800034E43 /* Build configuration list for PBXNativeTarget "LandMarks" */;
			buildPhases = (
				5BA050942C8D4F5500034E43 /* Sources */,
				5BA050952C8D4F5500034E43 /* Frameworks */,
				5BA050962C8D4F5500034E43 /* Resources */,
				5B6AB24A2CA5ED8300FA49E0 /* Embed Watch Content */,
			);
			buildRules = (
			);
			dependencies = (
				5B6AB2482CA5ED8300FA49E0 /* PBXTargetDependency */,
			);
			name = LandMarks;
			productName = LandMarks;
			productReference = 5BA050982C8D4F5500034E43 /* LandMarks.app */;
			productType = "com.apple.product-type.application";
		};
/* End PBXNativeTarget section */

/* Begin PBXProject section */
		5BA050902C8D4F5500034E43 /* Project object */ = {
			isa = PBXProject;
			attributes = {
				BuildIndependentTargetsInParallel = 1;
				LastSwiftUpdateCheck = 1540;
				LastUpgradeCheck = 1540;
				TargetAttributes = {
					5B6AB23B2CA5ED7D00FA49E0 = {
						CreatedOnToolsVersion = 15.4;
					};
					5BA050972C8D4F5500034E43 = {
						CreatedOnToolsVersion = 15.4;
					};
				};
			};
			buildConfigurationList = 5BA050932C8D4F5500034E43 /* Build configuration list for PBXProject "LandMarks" */;
			compatibilityVersion = "Xcode 14.0";
			developmentRegion = en;
			hasScannedForEncodings = 0;
			knownRegions = (
				en,
				Base,
			);
			mainGroup = 5BA0508F2C8D4F5500034E43;
			productRefGroup = 5BA050992C8D4F5500034E43 /* Products */;
			projectDirPath = "";
			projectRoot = "";
			targets = (
				5BA050972C8D4F5500034E43 /* LandMarks */,
				5B6AB23B2CA5ED7D00FA49E0 /* WatchLandmarks Watch App */,
			);
		};
/* End PBXProject section */

/* Begin PBXResourcesBuildPhase section */
		5B6AB23A2CA5ED7D00FA49E0 /* Resources */ = {
			isa = PBXResourcesBuildPhase;
			buildActionMask = 2147483647;
			files = (
				5B6AB2462CA5ED8300FA49E0 /* Preview Assets.xcassets in Resources */,
				5B6AB2572CA5EFC600FA49E0 /* hikeData.json in Resources */,
				5B6AB2582CA5EFC600FA49E0 /* landmarkData.json in Resources */,
				5B6AB2592CA5EFC600FA49E0 /* Assets.xcassets in Resources */,
				5B6AB2432CA5ED8300FA49E0 /* Assets.xcassets in Resources */,
			);
			runOnlyForDeploymentPostprocessing = 0;
		};
		5BA050962C8D4F5500034E43 /* Resources */ = {
			isa = PBXResourcesBuildPhase;
			buildActionMask = 2147483647;
			files = (
				5BEE29B22C93A826004673C4 /* hikeData.json in Resources */,
				5BA050A32C8D4F5800034E43 /* Preview Assets.xcassets in Resources */,
				5BA050A02C8D4F5700034E43 /* Assets.xcassets in Resources */,
				5BA050B72C8D54A800034E43 /* landmarkData.json in Resources */,
			);
			runOnlyForDeploymentPostprocessing = 0;
		};
/* End PBXResourcesBuildPhase section */

/* Begin PBXSourcesBuildPhase section */
		5B6AB2382CA5ED7D00FA49E0 /* Sources */ = {
			isa = PBXSourcesBuildPhase;
			buildActionMask = 2147483647;
			files = (
				5B6AB2412CA5ED7D00FA49E0 /* ContentView.swift in Sources */,
				5B6AB24E2CA5EFC600FA49E0 /* LandMark.swift in Sources */,
				5B6AB24F2CA5EFC600FA49E0 /* LandmarkRow.swift in Sources */,
				5B6AB2662CAAE68A00FA49E0 /* NotificationView.swift in Sources */,
				5B6AB2502CA5EFC600FA49E0 /* LandmarkList.swift in Sources */,
				5B6AB2512CA5EFC600FA49E0 /* Profile.swift in Sources */,
				5B6AB2522CA5EFC600FA49E0 /* ModelData.swift in Sources */,
				5B6AB2532CA5EFC600FA49E0 /* Hike.swift in Sources */,
				5B6AB2542CA5EFC600FA49E0 /* CircleImage.swift in Sources */,
				5B6AB2552CA5EFC600FA49E0 /* LandMarksApp.swift in Sources */,
				5B6AB2642CAAE62800FA49E0 /* NotificationController.swift in Sources */,
				5B6AB2562CA5EFC600FA49E0 /* MapView.swift in Sources */,
				5B6AB25B2CA5F20200FA49E0 /* LandmarkDetail.swift in Sources */,
			);
			runOnlyForDeploymentPostprocessing = 0;
		};
		5BA050942C8D4F5500034E43 /* Sources */ = {
			isa = PBXSourcesBuildPhase;
			buildActionMask = 2147483647;
			files = (
				5B72F70F2C95050000DE5D49 /* CategoryRow.swift in Sources */,
				5B72F7132C95BDC600DE5D49 /* Profile.swift in Sources */,
				5BA0509E2C8D4F5500034E43 /* ContentView.swift in Sources */,
				5B72F70D2C95020900DE5D49 /* CategoryHome.swift in Sources */,
				5B6AB2032CA5C26500FA49E0 /* FeatureCard.swift in Sources */,
				5BEE29AE2C93A2D0004673C4 /* Badge.swift in Sources */,
				5BA050AC2C8D503800034E43 /* CircleImage.swift in Sources */,
				5B72F7052C93B41800DE5D49 /* GraphCapsule.swift in Sources */,
				5B72F7072C93B41900DE5D49 /* HikeGraph.swift in Sources */,
				5BA050B32C8D533E00034E43 /* LandMark.swift in Sources */,
				5B6AB2072CA5CF1B00FA49E0 /* PageControl.swift in Sources */,
				5BEE299B2C9254D9004673C4 /* FavoriteButton.swift in Sources */,
				5B72F7112C95069800DE5D49 /* CategoryItem.swift in Sources */,
				5BEE29A62C92624A004673C4 /* HexagonParameters.swift in Sources */,
				5B72F7182C96585E00DE5D49 /* ProfileSummary.swift in Sources */,
				5BEE29AA2C93A010004673C4 /* BadgeSymbol.swift in Sources */,
				5B72F7162C95C15500DE5D49 /* ProfileHost.swift in Sources */,
				5BA050BB2C91128900034E43 /* LandmarkList.swift in Sources */,
				5B72F70A2C93B4E400DE5D49 /* Hike.swift in Sources */,
				5B6AB2052CA5C3A800FA49E0 /* PageView.swift in Sources */,
				5BA050BD2C91153600034E43 /* LandmarkDetail.swift in Sources */,
				5B72F71C2C965D9700DE5D49 /* ProfileEditor.swift in Sources */,
				5B72F7062C93B41900DE5D49 /* HikeDetail.swift in Sources */,
				5B72F7082C93B41900DE5D49 /* HikeView.swift in Sources */,
				5BEE29AC2C93A150004673C4 /* RotatedBadgeSymbol .swift in Sources */,
				5B6AB2012CA5BBEC00FA49E0 /* PageViewController.swift in Sources */,
				5BEE29A82C926444004673C4 /* BadgeBackground.swift in Sources */,
				5B72F71A2C96592800DE5D49 /* HikeBadge.swift in Sources */,
				5BA050AA2C8D500700034E43 /* MapView.swift in Sources */,
				5BA0509C2C8D4F5500034E43 /* LandMarksApp.swift in Sources */,
				5BA050B92C8D557A00034E43 /* LandmarkRow.swift in Sources */,
				5BA050B52C8D539300034E43 /* ModelData.swift in Sources */,
			);
			runOnlyForDeploymentPostprocessing = 0;
		};
/* End PBXSourcesBuildPhase section */

/* Begin PBXTargetDependency section */
		5B6AB2482CA5ED8300FA49E0 /* PBXTargetDependency */ = {
			isa = PBXTargetDependency;
			target = 5B6AB23B2CA5ED7D00FA49E0 /* WatchLandmarks Watch App */;
			targetProxy = 5B6AB2472CA5ED8300FA49E0 /* PBXContainerItemProxy */;
		};
/* End PBXTargetDependency section */

/* Begin XCBuildConfiguration section */
		5B6AB24B2CA5ED8300FA49E0 /* Debug */ = {
			isa = XCBuildConfiguration;
			buildSettings = {
				ASSETCATALOG_COMPILER_APPICON_NAME = AppIcon;
				ASSETCATALOG_COMPILER_GLOBAL_ACCENT_COLOR_NAME = AccentColor;
				CODE_SIGN_STYLE = Automatic;
				CURRENT_PROJECT_VERSION = 1;
				DEVELOPMENT_ASSET_PATHS = "\"WatchLandmarks Watch App/Preview Content\"";
				ENABLE_PREVIEWS = YES;
				GENERATE_INFOPLIST_FILE = YES;
				INFOPLIST_KEY_CFBundleDisplayName = WatchLandmarks;
				INFOPLIST_KEY_UISupportedInterfaceOrientations = "UIInterfaceOrientationPortrait UIInterfaceOrientationPortraitUpsideDown";
				INFOPLIST_KEY_WKCompanionAppBundleIdentifier = com.cherry.landmarks.LandMarks;
				INFOPLIST_KEY_WKRunsIndependentlyOfCompanionApp = YES;
				LD_RUNPATH_SEARCH_PATHS = (
					"$(inherited)",
					"@executable_path/Frameworks",
				);
				MARKETING_VERSION = 1.0;
				PRODUCT_BUNDLE_IDENTIFIER = com.cherry.landmarks.LandMarks.watchkitapp;
				PRODUCT_NAME = "$(TARGET_NAME)";
				SDKROOT = watchos;
				SKIP_INSTALL = YES;
				SWIFT_EMIT_LOC_STRINGS = YES;
				SWIFT_VERSION = 5.0;
				TARGETED_DEVICE_FAMILY = 4;
				WATCHOS_DEPLOYMENT_TARGET = 10.5;
			};
			name = Debug;
		};
		5B6AB24C2CA5ED8300FA49E0 /* Release */ = {
			isa = XCBuildConfiguration;
			buildSettings = {
				ASSETCATALOG_COMPILER_APPICON_NAME = AppIcon;
				ASSETCATALOG_COMPILER_GLOBAL_ACCENT_COLOR_NAME = AccentColor;
				CODE_SIGN_STYLE = Automatic;
				CURRENT_PROJECT_VERSION = 1;
				DEVELOPMENT_ASSET_PATHS = "\"WatchLandmarks Watch App/Preview Content\"";
				ENABLE_PREVIEWS = YES;
				GENERATE_INFOPLIST_FILE = YES;
				INFOPLIST_KEY_CFBundleDisplayName = WatchLandmarks;
				INFOPLIST_KEY_UISupportedInterfaceOrientations = "UIInterfaceOrientationPortrait UIInterfaceOrientationPortraitUpsideDown";
				INFOPLIST_KEY_WKCompanionAppBundleIdentifier = com.cherry.landmarks.LandMarks;
				INFOPLIST_KEY_WKRunsIndependentlyOfCompanionApp = YES;
				LD_RUNPATH_SEARCH_PATHS = (
					"$(inherited)",
					"@executable_path/Frameworks",
				);
				MARKETING_VERSION = 1.0;
				PRODUCT_BUNDLE_IDENTIFIER = com.cherry.landmarks.LandMarks.watchkitapp;
				PRODUCT_NAME = "$(TARGET_NAME)";
				SDKROOT = watchos;
				SKIP_INSTALL = YES;
				SWIFT_EMIT_LOC_STRINGS = YES;
				SWIFT_VERSION = 5.0;
				TARGETED_DEVICE_FAMILY = 4;
				WATCHOS_DEPLOYMENT_TARGET = 10.5;
			};
			name = Release;
		};
		5BA050A42C8D4F5800034E43 /* Debug */ = {
			isa = XCBuildConfiguration;
			buildSettings = {
				ALWAYS_SEARCH_USER_PATHS = NO;
				ASSETCATALOG_COMPILER_GENERATE_SWIFT_ASSET_SYMBOL_EXTENSIONS = YES;
				CLANG_ANALYZER_NONNULL = YES;
				CLANG_ANALYZER_NUMBER_OBJECT_CONVERSION = YES_AGGRESSIVE;
				CLANG_CXX_LANGUAGE_STANDARD = "gnu++20";
				CLANG_ENABLE_MODULES = YES;
				CLANG_ENABLE_OBJC_ARC = YES;
				CLANG_ENABLE_OBJC_WEAK = YES;
				CLANG_WARN_BLOCK_CAPTURE_AUTORELEASING = YES;
				CLANG_WARN_BOOL_CONVERSION = YES;
				CLANG_WARN_COMMA = YES;
				CLANG_WARN_CONSTANT_CONVERSION = YES;
				CLANG_WARN_DEPRECATED_OBJC_IMPLEMENTATIONS = YES;
				CLANG_WARN_DIRECT_OBJC_ISA_USAGE = YES_ERROR;
				CLANG_WARN_DOCUMENTATION_COMMENTS = YES;
				CLANG_WARN_EMPTY_BODY = YES;
				CLANG_WARN_ENUM_CONVERSION = YES;
				CLANG_WARN_INFINITE_RECURSION = YES;
				CLANG_WARN_INT_CONVERSION = YES;
				CLANG_WARN_NON_LITERAL_NULL_CONVERSION = YES;
				CLANG_WARN_OBJC_IMPLICIT_RETAIN_SELF = YES;
				CLANG_WARN_OBJC_LITERAL_CONVERSION = YES;
				CLANG_WARN_OBJC_ROOT_CLASS = YES_ERROR;
				CLANG_WARN_QUOTED_INCLUDE_IN_FRAMEWORK_HEADER = YES;
				CLANG_WARN_RANGE_LOOP_ANALYSIS = YES;
				CLANG_WARN_STRICT_PROTOTYPES = YES;
				CLANG_WARN_SUSPICIOUS_MOVE = YES;
				CLANG_WARN_UNGUARDED_AVAILABILITY = YES_AGGRESSIVE;
				CLANG_WARN_UNREACHABLE_CODE = YES;
				CLANG_WARN__DUPLICATE_METHOD_MATCH = YES;
				COPY_PHASE_STRIP = NO;
				DEBUG_INFORMATION_FORMAT = dwarf;
				ENABLE_STRICT_OBJC_MSGSEND = YES;
				ENABLE_TESTABILITY = YES;
				ENABLE_USER_SCRIPT_SANDBOXING = YES;
				GCC_C_LANGUAGE_STANDARD = gnu17;
				GCC_DYNAMIC_NO_PIC = NO;
				GCC_NO_COMMON_BLOCKS = YES;
				GCC_OPTIMIZATION_LEVEL = 0;
				GCC_PREPROCESSOR_DEFINITIONS = (
					"DEBUG=1",
					"$(inherited)",
				);
				GCC_WARN_64_TO_32_BIT_CONVERSION = YES;
				GCC_WARN_ABOUT_RETURN_TYPE = YES_ERROR;
				GCC_WARN_UNDECLARED_SELECTOR = YES;
				GCC_WARN_UNINITIALIZED_AUTOS = YES_AGGRESSIVE;
				GCC_WARN_UNUSED_FUNCTION = YES;
				GCC_WARN_UNUSED_VARIABLE = YES;
				IPHONEOS_DEPLOYMENT_TARGET = 17.5;
				LOCALIZATION_PREFERS_STRING_CATALOGS = YES;
				MTL_ENABLE_DEBUG_INFO = INCLUDE_SOURCE;
				MTL_FAST_MATH = YES;
				ONLY_ACTIVE_ARCH = YES;
				SDKROOT = iphoneos;
				SWIFT_ACTIVE_COMPILATION_CONDITIONS = "DEBUG $(inherited)";
				SWIFT_OPTIMIZATION_LEVEL = "-Onone";
			};
			name = Debug;
		};
		5BA050A52C8D4F5800034E43 /* Release */ = {
			isa = XCBuildConfiguration;
			buildSettings = {
				ALWAYS_SEARCH_USER_PATHS = NO;
				ASSETCATALOG_COMPILER_GENERATE_SWIFT_ASSET_SYMBOL_EXTENSIONS = YES;
				CLANG_ANALYZER_NONNULL = YES;
				CLANG_ANALYZER_NUMBER_OBJECT_CONVERSION = YES_AGGRESSIVE;
				CLANG_CXX_LANGUAGE_STANDARD = "gnu++20";
				CLANG_ENABLE_MODULES = YES;
				CLANG_ENABLE_OBJC_ARC = YES;
				CLANG_ENABLE_OBJC_WEAK = YES;
				CLANG_WARN_BLOCK_CAPTURE_AUTORELEASING = YES;
				CLANG_WARN_BOOL_CONVERSION = YES;
				CLANG_WARN_COMMA = YES;
				CLANG_WARN_CONSTANT_CONVERSION = YES;
				CLANG_WARN_DEPRECATED_OBJC_IMPLEMENTATIONS = YES;
				CLANG_WARN_DIRECT_OBJC_ISA_USAGE = YES_ERROR;
				CLANG_WARN_DOCUMENTATION_COMMENTS = YES;
				CLANG_WARN_EMPTY_BODY = YES;
				CLANG_WARN_ENUM_CONVERSION = YES;
				CLANG_WARN_INFINITE_RECURSION = YES;
				CLANG_WARN_INT_CONVERSION = YES;
				CLANG_WARN_NON_LITERAL_NULL_CONVERSION = YES;
				CLANG_WARN_OBJC_IMPLICIT_RETAIN_SELF = YES;
				CLANG_WARN_OBJC_LITERAL_CONVERSION = YES;
				CLANG_WARN_OBJC_ROOT_CLASS = YES_ERROR;
				CLANG_WARN_QUOTED_INCLUDE_IN_FRAMEWORK_HEADER = YES;
				CLANG_WARN_RANGE_LOOP_ANALYSIS = YES;
				CLANG_WARN_STRICT_PROTOTYPES = YES;
				CLANG_WARN_SUSPICIOUS_MOVE = YES;
				CLANG_WARN_UNGUARDED_AVAILABILITY = YES_AGGRESSIVE;
				CLANG_WARN_UNREACHABLE_CODE = YES;
				CLANG_WARN__DUPLICATE_METHOD_MATCH = YES;
				COPY_PHASE_STRIP = NO;
				DEBUG_INFORMATION_FORMAT = "dwarf-with-dsym";
				ENABLE_NS_ASSERTIONS = NO;
				ENABLE_STRICT_OBJC_MSGSEND = YES;
				ENABLE_USER_SCRIPT_SANDBOXING = YES;
				GCC_C_LANGUAGE_STANDARD = gnu17;
				GCC_NO_COMMON_BLOCKS = YES;
				GCC_WARN_64_TO_32_BIT_CONVERSION = YES;
				GCC_WARN_ABOUT_RETURN_TYPE = YES_ERROR;
				GCC_WARN_UNDECLARED_SELECTOR = YES;
				GCC_WARN_UNINITIALIZED_AUTOS = YES_AGGRESSIVE;
				GCC_WARN_UNUSED_FUNCTION = YES;
				GCC_WARN_UNUSED_VARIABLE = YES;
				IPHONEOS_DEPLOYMENT_TARGET = 17.5;
				LOCALIZATION_PREFERS_STRING_CATALOGS = YES;
				MTL_ENABLE_DEBUG_INFO = NO;
				MTL_FAST_MATH = YES;
				SDKROOT = iphoneos;
				SWIFT_COMPILATION_MODE = wholemodule;
				VALIDATE_PRODUCT = YES;
			};
			name = Release;
		};
		5BA050A72C8D4F5800034E43 /* Debug */ = {
			isa = XCBuildConfiguration;
			buildSettings = {
				ALWAYS_EMBED_SWIFT_STANDARD_LIBRARIES = YES;
				ASSETCATALOG_COMPILER_APPICON_NAME = AppIcon;
				ASSETCATALOG_COMPILER_GLOBAL_ACCENT_COLOR_NAME = AccentColor;
				CODE_SIGN_STYLE = Automatic;
				CURRENT_PROJECT_VERSION = 1;
				DEVELOPMENT_ASSET_PATHS = "\"LandMarks/Preview Content\"";
				ENABLE_PREVIEWS = YES;
				GENERATE_INFOPLIST_FILE = YES;
				INFOPLIST_KEY_UIApplicationSceneManifest_Generation = YES;
				INFOPLIST_KEY_UIApplicationSupportsIndirectInputEvents = YES;
				INFOPLIST_KEY_UILaunchScreen_Generation = YES;
				INFOPLIST_KEY_UISupportedInterfaceOrientations_iPad = "UIInterfaceOrientationPortrait UIInterfaceOrientationPortraitUpsideDown UIInterfaceOrientationLandscapeLeft UIInterfaceOrientationLandscapeRight";
				INFOPLIST_KEY_UISupportedInterfaceOrientations_iPhone = "UIInterfaceOrientationPortrait UIInterfaceOrientationLandscapeLeft UIInterfaceOrientationLandscapeRight";
				LD_RUNPATH_SEARCH_PATHS = (
					"$(inherited)",
					"@executable_path/Frameworks",
				);
				MARKETING_VERSION = 1.0;
				PRODUCT_BUNDLE_IDENTIFIER = com.cherry.landmarks.LandMarks;
				PRODUCT_NAME = "$(TARGET_NAME)";
				SWIFT_EMIT_LOC_STRINGS = YES;
				SWIFT_VERSION = 5.0;
				TARGETED_DEVICE_FAMILY = "1,2";
			};
			name = Debug;
		};
		5BA050A82C8D4F5800034E43 /* Release */ = {
			isa = XCBuildConfiguration;
			buildSettings = {
				ALWAYS_EMBED_SWIFT_STANDARD_LIBRARIES = YES;
				ASSETCATALOG_COMPILER_APPICON_NAME = AppIcon;
				ASSETCATALOG_COMPILER_GLOBAL_ACCENT_COLOR_NAME = AccentColor;
				CODE_SIGN_STYLE = Automatic;
				CURRENT_PROJECT_VERSION = 1;
				DEVELOPMENT_ASSET_PATHS = "\"LandMarks/Preview Content\"";
				ENABLE_PREVIEWS = YES;
				GENERATE_INFOPLIST_FILE = YES;
				INFOPLIST_KEY_UIApplicationSceneManifest_Generation = YES;
				INFOPLIST_KEY_UIApplicationSupportsIndirectInputEvents = YES;
				INFOPLIST_KEY_UILaunchScreen_Generation = YES;
				INFOPLIST_KEY_UISupportedInterfaceOrientations_iPad = "UIInterfaceOrientationPortrait UIInterfaceOrientationPortraitUpsideDown UIInterfaceOrientationLandscapeLeft UIInterfaceOrientationLandscapeRight";
				INFOPLIST_KEY_UISupportedInterfaceOrientations_iPhone = "UIInterfaceOrientationPortrait UIInterfaceOrientationLandscapeLeft UIInterfaceOrientationLandscapeRight";
				LD_RUNPATH_SEARCH_PATHS = (
					"$(inherited)",
					"@executable_path/Frameworks",
				);
				MARKETING_VERSION = 1.0;
				PRODUCT_BUNDLE_IDENTIFIER = com.cherry.landmarks.LandMarks;
				PRODUCT_NAME = "$(TARGET_NAME)";
				SWIFT_EMIT_LOC_STRINGS = YES;
				SWIFT_VERSION = 5.0;
				TARGETED_DEVICE_FAMILY = "1,2";
			};
			name = Release;
		};
/* End XCBuildConfiguration section */

/* Begin XCConfigurationList section */
		5B6AB24D2CA5ED8300FA49E0 /* Build configuration list for PBXNativeTarget "WatchLandmarks Watch App" */ = {
			isa = XCConfigurationList;
			buildConfigurations = (
				5B6AB24B2CA5ED8300FA49E0 /* Debug */,
				5B6AB24C2CA5ED8300FA49E0 /* Release */,
			);
			defaultConfigurationIsVisible = 0;
			defaultConfigurationName = Release;
		};
		5BA050932C8D4F5500034E43 /* Build configuration list for PBXProject "LandMarks" */ = {
			isa = XCConfigurationList;
			buildConfigurations = (
				5BA050A42C8D4F5800034E43 /* Debug */,
				5BA050A52C8D4F5800034E43 /* Release */,
			);
			defaultConfigurationIsVisible = 0;
			defaultConfigurationName = Release;
		};
		5BA050A62C8D4F5800034E43 /* Build configuration list for PBXNativeTarget "LandMarks" */ = {
			isa = XCConfigurationList;
			buildConfigurations = (
				5BA050A72C8D4F5800034E43 /* Debug */,
				5BA050A82C8D4F5800034E43 /* Release */,
			);
			defaultConfigurationIsVisible = 0;
			defaultConfigurationName = Release;
		};
/* End XCConfigurationList section */
	};
	rootObject = 5BA050902C8D4F5500034E43 /* Project object */;
}
